
Microsoft Visual Studio Solution File, Format Version 12.00
# Visual Studio Version 17
VisualStudioVersion = 17.10.34928.147
MinimumVisualStudioVersion = 10.0.40219.1
Project("{FAE04EC0-301F-11D3-BF4B-00C04F79EFBC}") = "PropertiesInAbstractClass", "PropertiesInAbstractClass.csproj", "{DED73FAD-AF5E-4D06-83D5-A1C67C45109C}"
EndProject
Global
	GlobalSection(SolutionConfigurationPlatforms) = preSolution
		Debug|Any CPU = Debug|Any CPU
		Release|Any CPU = Release|Any CPU
	EndGlobalSection
	GlobalSection(ProjectConfigurationPlatforms) = postSolution
		{DED73FAD-AF5E-4D06-83D5-A1C67C45109C}.Debug|Any CPU.ActiveCfg = Debug|Any CPU
		{DED73FAD-AF5E-4D06-83D5-A1C67C45109C}.Debug|Any CPU.Build.0 = Debug|Any CPU
		{DED73FAD-AF5E-4D06-83D5-A1C67C45109C}.Release|Any CPU.ActiveCfg = Release|Any CPU
		{DED73FAD-AF5E-4D06-83D5-A1C67C45109C}.Release|Any CPU.Build.0 = Release|Any CPU
	EndGlobalSection
	GlobalSection(SolutionProperties) = preSolution
		HideSolutionNode = FALSE
	EndGlobalSection
	GlobalSection(ExtensibilityGlobals) = postSolution
		SolutionGuid = {91583C2A-28CB-4A0B-ABB0-EDF98FF38B08}
	EndGlobalSection
EndGlobal
