
Microsoft Visual Studio Solution File, Format Version 12.00
# Visual Studio Version 17
VisualStudioVersion = 17.10.34928.147
MinimumVisualStudioVersion = 10.0.40219.1
Project("{FAE04EC0-301F-11D3-BF4B-00C04F79EFBC}") = "Bool", "Bool.csproj", "{C498C84D-35A7-4B3F-8C57-9BD8164FE60C}"
EndProject
Global
	GlobalSection(SolutionConfigurationPlatforms) = preSolution
		Debug|Any CPU = Debug|Any CPU
		Release|Any CPU = Release|Any CPU
	EndGlobalSection
	GlobalSection(ProjectConfigurationPlatforms) = postSolution
		{C498C84D-35A7-4B3F-8C57-9BD8164FE60C}.Debug|Any CPU.ActiveCfg = Debug|Any CPU
		{C498C84D-35A7-4B3F-8C57-9BD8164FE60C}.Debug|Any CPU.Build.0 = Debug|Any CPU
		{C498C84D-35A7-4B3F-8C57-9BD8164FE60C}.Release|Any CPU.ActiveCfg = Release|Any CPU
		{C498C84D-35A7-4B3F-8C57-9BD8164FE60C}.Release|Any CPU.Build.0 = Release|Any CPU
	EndGlobalSection
	GlobalSection(SolutionProperties) = preSolution
		HideSolutionNode = FALSE
	EndGlobalSection
	GlobalSection(ExtensibilityGlobals) = postSolution
		SolutionGuid = {001C3E69-72E2-499A-9F5B-3375A3BDDF1A}
	EndGlobalSection
EndGlobal
