
Microsoft Visual Studio Solution File, Format Version 12.00
# Visual Studio Version 17
VisualStudioVersion = 17.10.34928.147
MinimumVisualStudioVersion = 10.0.40219.1
Project("{FAE04EC0-301F-11D3-BF4B-00C04F79EFBC}") = "DefaultImplementation", "DefaultImplementation.csproj", "{B51ADDB9-6C06-4CB6-A2AA-A625C72566F4}"
EndProject
Global
	GlobalSection(SolutionConfigurationPlatforms) = preSolution
		Debug|Any CPU = Debug|Any CPU
		Release|Any CPU = Release|Any CPU
	EndGlobalSection
	GlobalSection(ProjectConfigurationPlatforms) = postSolution
		{B51ADDB9-6C06-4CB6-A2AA-A625C72566F4}.Debug|Any CPU.ActiveCfg = Debug|Any CPU
		{B51ADDB9-6C06-4CB6-A2AA-A625C72566F4}.Debug|Any CPU.Build.0 = Debug|Any CPU
		{B51ADDB9-6C06-4CB6-A2AA-A625C72566F4}.Release|Any CPU.ActiveCfg = Release|Any CPU
		{B51ADDB9-6C06-4CB6-A2AA-A625C72566F4}.Release|Any CPU.Build.0 = Release|Any CPU
	EndGlobalSection
	GlobalSection(SolutionProperties) = preSolution
		HideSolutionNode = FALSE
	EndGlobalSection
	GlobalSection(ExtensibilityGlobals) = postSolution
		SolutionGuid = {CF35BC43-683B-47C3-BD63-614A01B0C4CD}
	EndGlobalSection
EndGlobal
