
Microsoft Visual Studio Solution File, Format Version 12.00
# Visual Studio Version 17
VisualStudioVersion = 17.10.34928.147
MinimumVisualStudioVersion = 10.0.40219.1
Project("{FAE04EC0-301F-11D3-BF4B-00C04F79EFBC}") = "IntegerLiterals", "IntegerLiterals.csproj", "{056367E4-6E54-4C2D-8233-8FDFE581770D}"
EndProject
Global
	GlobalSection(SolutionConfigurationPlatforms) = preSolution
		Debug|Any CPU = Debug|Any CPU
		Release|Any CPU = Release|Any CPU
	EndGlobalSection
	GlobalSection(ProjectConfigurationPlatforms) = postSolution
		{056367E4-6E54-4C2D-8233-8FDFE581770D}.Debug|Any CPU.ActiveCfg = Debug|Any CPU
		{056367E4-6E54-4C2D-8233-8FDFE581770D}.Debug|Any CPU.Build.0 = Debug|Any CPU
		{056367E4-6E54-4C2D-8233-8FDFE581770D}.Release|Any CPU.ActiveCfg = Release|Any CPU
		{056367E4-6E54-4C2D-8233-8FDFE581770D}.Release|Any CPU.Build.0 = Release|Any CPU
	EndGlobalSection
	GlobalSection(SolutionProperties) = preSolution
		HideSolutionNode = FALSE
	EndGlobalSection
	GlobalSection(ExtensibilityGlobals) = postSolution
		SolutionGuid = {38428848-D47D-4C16-88A6-B3FC50136FBF}
	EndGlobalSection
EndGlobal
