
Microsoft Visual Studio Solution File, Format Version 12.00
# Visual Studio Version 17
VisualStudioVersion = 17.10.34928.147
MinimumVisualStudioVersion = 10.0.40219.1
Project("{FAE04EC0-301F-11D3-BF4B-00C04F79EFBC}") = "BasicClass", "BasicClass.csproj", "{C8ADD0A7-F0C9-47CB-8034-06121C6531CB}"
EndProject
Global
	GlobalSection(SolutionConfigurationPlatforms) = preSolution
		Debug|Any CPU = Debug|Any CPU
		Release|Any CPU = Release|Any CPU
	EndGlobalSection
	GlobalSection(ProjectConfigurationPlatforms) = postSolution
		{C8ADD0A7-F0C9-47CB-8034-06121C6531CB}.Debug|Any CPU.ActiveCfg = Debug|Any CPU
		{C8ADD0A7-F0C9-47CB-8034-06121C6531CB}.Debug|Any CPU.Build.0 = Debug|Any CPU
		{C8ADD0A7-F0C9-47CB-8034-06121C6531CB}.Release|Any CPU.ActiveCfg = Release|Any CPU
		{C8ADD0A7-F0C9-47CB-8034-06121C6531CB}.Release|Any CPU.Build.0 = Release|Any CPU
	EndGlobalSection
	GlobalSection(SolutionProperties) = preSolution
		HideSolutionNode = FALSE
	EndGlobalSection
	GlobalSection(ExtensibilityGlobals) = postSolution
		SolutionGuid = {94FCA953-34F0-43D9-85B4-5F693BD7A6F9}
	EndGlobalSection
EndGlobal
