
Microsoft Visual Studio Solution File, Format Version 12.00
# Visual Studio Version 17
VisualStudioVersion = 17.10.34928.147
MinimumVisualStudioVersion = 10.0.40219.1
Project("{FAE04EC0-301F-11D3-BF4B-00C04F79EFBC}") = "PartialClass", "PartialClass.csproj", "{782BA0AE-2677-4A1C-A2EA-9BB690A6A696}"
EndProject
Global
	GlobalSection(SolutionConfigurationPlatforms) = preSolution
		Debug|Any CPU = Debug|Any CPU
		Release|Any CPU = Release|Any CPU
	EndGlobalSection
	GlobalSection(ProjectConfigurationPlatforms) = postSolution
		{782BA0AE-2677-4A1C-A2EA-9BB690A6A696}.Debug|Any CPU.ActiveCfg = Debug|Any CPU
		{782BA0AE-2677-4A1C-A2EA-9BB690A6A696}.Debug|Any CPU.Build.0 = Debug|Any CPU
		{782BA0AE-2677-4A1C-A2EA-9BB690A6A696}.Release|Any CPU.ActiveCfg = Release|Any CPU
		{782BA0AE-2677-4A1C-A2EA-9BB690A6A696}.Release|Any CPU.Build.0 = Release|Any CPU
	EndGlobalSection
	GlobalSection(SolutionProperties) = preSolution
		HideSolutionNode = FALSE
	EndGlobalSection
	GlobalSection(ExtensibilityGlobals) = postSolution
		SolutionGuid = {8013BE80-D006-48A8-8B69-9538971367D1}
	EndGlobalSection
EndGlobal
