
Microsoft Visual Studio Solution File, Format Version 12.00
# Visual Studio Version 17
VisualStudioVersion = 17.10.34928.147
MinimumVisualStudioVersion = 10.0.40219.1
Project("{FAE04EC0-301F-11D3-BF4B-00C04F79EFBC}") = "Slice", "Slice.csproj", "{60467821-746D-44AF-939B-F8E655A43B01}"
EndProject
Global
	GlobalSection(SolutionConfigurationPlatforms) = preSolution
		Debug|Any CPU = Debug|Any CPU
		Release|Any CPU = Release|Any CPU
	EndGlobalSection
	GlobalSection(ProjectConfigurationPlatforms) = postSolution
		{60467821-746D-44AF-939B-F8E655A43B01}.Debug|Any CPU.ActiveCfg = Debug|Any CPU
		{60467821-746D-44AF-939B-F8E655A43B01}.Debug|Any CPU.Build.0 = Debug|Any CPU
		{60467821-746D-44AF-939B-F8E655A43B01}.Release|Any CPU.ActiveCfg = Release|Any CPU
		{60467821-746D-44AF-939B-F8E655A43B01}.Release|Any CPU.Build.0 = Release|Any CPU
	EndGlobalSection
	GlobalSection(SolutionProperties) = preSolution
		HideSolutionNode = FALSE
	EndGlobalSection
	GlobalSection(ExtensibilityGlobals) = postSolution
		SolutionGuid = {A5A80E93-5630-4DDD-89D5-C102AE77E74E}
	EndGlobalSection
EndGlobal
