
Microsoft Visual Studio Solution File, Format Version 12.00
# Visual Studio Version 17
VisualStudioVersion = 17.10.34928.147
MinimumVisualStudioVersion = 10.0.40219.1
Project("{FAE04EC0-301F-11D3-BF4B-00C04F79EFBC}") = "StringConcatenate", "StringConcatenate.csproj", "{54CF92C2-1CAF-4DBA-8475-6C0D7A3B742B}"
EndProject
Global
	GlobalSection(SolutionConfigurationPlatforms) = preSolution
		Debug|Any CPU = Debug|Any CPU
		Release|Any CPU = Release|Any CPU
	EndGlobalSection
	GlobalSection(ProjectConfigurationPlatforms) = postSolution
		{54CF92C2-1CAF-4DBA-8475-6C0D7A3B742B}.Debug|Any CPU.ActiveCfg = Debug|Any CPU
		{54CF92C2-1CAF-4DBA-8475-6C0D7A3B742B}.Debug|Any CPU.Build.0 = Debug|Any CPU
		{54CF92C2-1CAF-4DBA-8475-6C0D7A3B742B}.Release|Any CPU.ActiveCfg = Release|Any CPU
		{54CF92C2-1CAF-4DBA-8475-6C0D7A3B742B}.Release|Any CPU.Build.0 = Release|Any CPU
	EndGlobalSection
	GlobalSection(SolutionProperties) = preSolution
		HideSolutionNode = FALSE
	EndGlobalSection
	GlobalSection(ExtensibilityGlobals) = postSolution
		SolutionGuid = {9E30A159-CA39-4BAC-AFF7-B4B4125BA703}
	EndGlobalSection
EndGlobal
