
Microsoft Visual Studio Solution File, Format Version 12.00
# Visual Studio Version 17
VisualStudioVersion = 17.10.34928.147
MinimumVisualStudioVersion = 10.0.40219.1
Project("{FAE04EC0-301F-11D3-BF4B-00C04F79EFBC}") = "SealMe", "SealMe.csproj", "{B3EB97B0-E62D-4005-8F76-8AD096F86016}"
EndProject
Global
	GlobalSection(SolutionConfigurationPlatforms) = preSolution
		Debug|Any CPU = Debug|Any CPU
		Release|Any CPU = Release|Any CPU
	EndGlobalSection
	GlobalSection(ProjectConfigurationPlatforms) = postSolution
		{B3EB97B0-E62D-4005-8F76-8AD096F86016}.Debug|Any CPU.ActiveCfg = Debug|Any CPU
		{B3EB97B0-E62D-4005-8F76-8AD096F86016}.Debug|Any CPU.Build.0 = Debug|Any CPU
		{B3EB97B0-E62D-4005-8F76-8AD096F86016}.Release|Any CPU.ActiveCfg = Release|Any CPU
		{B3EB97B0-E62D-4005-8F76-8AD096F86016}.Release|Any CPU.Build.0 = Release|Any CPU
	EndGlobalSection
	GlobalSection(SolutionProperties) = preSolution
		HideSolutionNode = FALSE
	EndGlobalSection
	GlobalSection(ExtensibilityGlobals) = postSolution
		SolutionGuid = {41712553-B3BE-4681-A187-50AF55BA810A}
	EndGlobalSection
EndGlobal
