
Microsoft Visual Studio Solution File, Format Version 12.00
# Visual Studio Version 17
VisualStudioVersion = 17.10.34928.147
MinimumVisualStudioVersion = 10.0.40219.1
Project("{FAE04EC0-301F-11D3-BF4B-00C04F79EFBC}") = "Char", "Char.csproj", "{34C45145-CCBE-45C6-A8B6-F5872058BA3A}"
EndProject
Global
	GlobalSection(SolutionConfigurationPlatforms) = preSolution
		Debug|Any CPU = Debug|Any CPU
		Release|Any CPU = Release|Any CPU
	EndGlobalSection
	GlobalSection(ProjectConfigurationPlatforms) = postSolution
		{34C45145-CCBE-45C6-A8B6-F5872058BA3A}.Debug|Any CPU.ActiveCfg = Debug|Any CPU
		{34C45145-CCBE-45C6-A8B6-F5872058BA3A}.Debug|Any CPU.Build.0 = Debug|Any CPU
		{34C45145-CCBE-45C6-A8B6-F5872058BA3A}.Release|Any CPU.ActiveCfg = Release|Any CPU
		{34C45145-CCBE-45C6-A8B6-F5872058BA3A}.Release|Any CPU.Build.0 = Release|Any CPU
	EndGlobalSection
	GlobalSection(SolutionProperties) = preSolution
		HideSolutionNode = FALSE
	EndGlobalSection
	GlobalSection(ExtensibilityGlobals) = postSolution
		SolutionGuid = {D436CABD-FCAB-450C-A456-5337B7645E38}
	EndGlobalSection
EndGlobal
