
Microsoft Visual Studio Solution File, Format Version 12.00
# Visual Studio Version 17
VisualStudioVersion = 17.10.34928.147
MinimumVisualStudioVersion = 10.0.40219.1
Project("{FAE04EC0-301F-11D3-BF4B-00C04F79EFBC}") = "UsingVar", "UsingVar.csproj", "{6A4E70BE-7E0A-4E13-A7C1-9B66877B792E}"
EndProject
Global
	GlobalSection(SolutionConfigurationPlatforms) = preSolution
		Debug|Any CPU = Debug|Any CPU
		Release|Any CPU = Release|Any CPU
	EndGlobalSection
	GlobalSection(ProjectConfigurationPlatforms) = postSolution
		{6A4E70BE-7E0A-4E13-A7C1-9B66877B792E}.Debug|Any CPU.ActiveCfg = Debug|Any CPU
		{6A4E70BE-7E0A-4E13-A7C1-9B66877B792E}.Debug|Any CPU.Build.0 = Debug|Any CPU
		{6A4E70BE-7E0A-4E13-A7C1-9B66877B792E}.Release|Any CPU.ActiveCfg = Release|Any CPU
		{6A4E70BE-7E0A-4E13-A7C1-9B66877B792E}.Release|Any CPU.Build.0 = Release|Any CPU
	EndGlobalSection
	GlobalSection(SolutionProperties) = preSolution
		HideSolutionNode = FALSE
	EndGlobalSection
	GlobalSection(ExtensibilityGlobals) = postSolution
		SolutionGuid = {6B0C9F74-D0B5-4FD1-985D-90B5D0675EF6}
	EndGlobalSection
EndGlobal
